Microsoft Visual Studio Solution File, Format Version 12.00
# Visual Studio Version 17
VisualStudioVersion = 17.5.2.0
MinimumVisualStudioVersion = 10.0.40219.1
Project("{FAE04EC0-301F-11D3-BF4B-00C04F79EFBC}") = "DesafioWeb", "DesafioWeb.csproj", "{946FC560-A822-09DD-5C03-B0BC0B621AEA}"
EndProject
Global
	GlobalSection(SolutionConfigurationPlatforms) = preSolution
		Debug|Any CPU = Debug|Any CPU
		Release|Any CPU = Release|Any CPU
	EndGlobalSection
	GlobalSection(ProjectConfigurationPlatforms) = postSolution
		{946FC560-A822-09DD-5C03-B0BC0B621AEA}.Debug|Any CPU.ActiveCfg = Debug|Any CPU
		{946FC560-A822-09DD-5C03-B0BC0B621AEA}.Debug|Any CPU.Build.0 = Debug|Any CPU
		{946FC560-A822-09DD-5C03-B0BC0B621AEA}.Release|Any CPU.ActiveCfg = Release|Any CPU
		{946FC560-A822-09DD-5C03-B0BC0B621AEA}.Release|Any CPU.Build.0 = Release|Any CPU
	EndGlobalSection
	GlobalSection(SolutionProperties) = preSolution
		HideSolutionNode = FALSE
	EndGlobalSection
	GlobalSection(ExtensibilityGlobals) = postSolution
		SolutionGuid = {3B4C373D-E807-449C-9476-A43DA99044B7}
	EndGlobalSection
EndGlobal
